// !$*UTF8*$!
{
	archiveVersion = 1;
	classes = {
	};
	objectVersion = 46;
	objects = {

/* Begin PBXBuildFile section */
		8F1C0B0116800A2100DAD2A7 /* UIKit.framework in Frameworks */ = {isa = PBXBuildFile; fileRef = 8F1C0B0016800A2100DAD2A7 /* UIKit.framework */; };
		8F1C0B0316800A2100DAD2A7 /* Foundation.framework in Frameworks */ = {isa = PBXBuildFile; fileRef = 8F1C0B0216800A2100DAD2A7 /* Foundation.framework */; };
		8F1C0B0516800A2100DAD2A7 /* CoreGraphics.framework in Frameworks */ = {isa = PBXBuildFile; fileRef = 8F1C0B0416800A2100DAD2A7 /* CoreGraphics.framework */; };
		8F1C0B0B16800A2100DAD2A7 /* InfoPlist.strings in Resources */ = {isa = PBXBuildFile; fileRef = 8F1C0B0916800A2100DAD2A7 /* InfoPlist.strings */; };
		8F1C0B0D16800A2100DAD2A7 /* main.m in Sources */ = {isa = PBXBuildFile; fileRef = 8F1C0B0C16800A2100DAD2A7 /* main.m */; };
		8F1C0B1116800A2100DAD2A7 /* AppDelegate.m in Sources */ = {isa = PBXBuildFile; fileRef = 8F1C0B1016800A2100DAD2A7 /* AppDelegate.m */; };
		8F1C0B1916800A4200DAD2A7 /* RootViewController.m in Sources */ = {isa = PBXBuildFile; fileRef = 8F1C0B1816800A4200DAD2A7 /* RootViewController.m */; };
		8F1C0B3316801DDF00DAD2A7 /* KDGoalBar.m in Sources */ = {isa = PBXBuildFile; fileRef = 8F1C0B3016801DDF00DAD2A7 /* KDGoalBar.m */; };
		8F1C0B3416801DDF00DAD2A7 /* KDGoalBarPercentLayer.m in Sources */ = {isa = PBXBuildFile; fileRef = 8F1C0B3216801DDF00DAD2A7 /* KDGoalBarPercentLayer.m */; };
		8F1C0B3A16801E4C00DAD2A7 /* QuartzCore.framework in Frameworks */ = {isa = PBXBuildFile; fileRef = 8F1C0B3916801E4C00DAD2A7 /* QuartzCore.framework */; };
/* End PBXBuildFile section */

/* Begin PBXFileReference section */
		8F1C0AFC16800A2100DAD2A7 /* Test_Pro.app */ = {isa = PBXFileReference; explicitFileType = wrapper.application; includeInIndex = 0; path = Test_Pro.app; sourceTree = BUILT_PRODUCTS_DIR; };
		8F1C0B0016800A2100DAD2A7 /* UIKit.framework */ = {isa = PBXFileReference; lastKnownFileType = wrapper.framework; name = UIKit.framework; path = System/Library/Frameworks/UIKit.framework; sourceTree = SDKROOT; };
		8F1C0B0216800A2100DAD2A7 /* Foundation.framework */ = {isa = PBXFileReference; lastKnownFileType = wrapper.framework; name = Foundation.framework; path = System/Library/Frameworks/Foundation.framework; sourceTree = SDKROOT; };
		8F1C0B0416800A2100DAD2A7 /* CoreGraphics.framework */ = {isa = PBXFileReference; lastKnownFileType = wrapper.framework; name = CoreGraphics.framework; path = System/Library/Frameworks/CoreGraphics.framework; sourceTree = SDKROOT; };
		8F1C0B0816800A2100DAD2A7 /* Test_Pro-Info.plist */ = {isa = PBXFileReference; lastKnownFileType = text.plist.xml; path = "Test_Pro-Info.plist"; sourceTree = "<group>"; };
		8F1C0B0A16800A2100DAD2A7 /* en */ = {isa = PBXFileReference; lastKnownFileType = text.plist.strings; name = en; path = en.lproj/InfoPlist.strings; sourceTree = "<group>"; };
		8F1C0B0C16800A2100DAD2A7 /* main.m */ = {isa = PBXFileReference; lastKnownFileType = sourcecode.c.objc; path = main.m; sourceTree = "<group>"; };
		8F1C0B0E16800A2100DAD2A7 /* Test_Pro-Prefix.pch */ = {isa = PBXFileReference; lastKnownFileType = sourcecode.c.h; path = "Test_Pro-Prefix.pch"; sourceTree = "<group>"; };
		8F1C0B0F16800A2100DAD2A7 /* AppDelegate.h */ = {isa = PBXFileReference; lastKnownFileType = sourcecode.c.h; path = AppDelegate.h; sourceTree = "<group>"; };
		8F1C0B1016800A2100DAD2A7 /* AppDelegate.m */ = {isa = PBXFileReference; lastKnownFileType = sourcecode.c.objc; path = AppDelegate.m; sourceTree = "<group>"; };
		8F1C0B1716800A4200DAD2A7 /* RootViewController.h */ = {isa = PBXFileReference; fileEncoding = 4; lastKnownFileType = sourcecode.c.h; path = RootViewController.h; sourceTree = "<group>"; };
		8F1C0B1816800A4200DAD2A7 /* RootViewController.m */ = {isa = PBXFileReference; fileEncoding = 4; lastKnownFileType = sourcecode.c.objc; path = RootViewController.m; sourceTree = "<group>"; };
		8F1C0B2F16801DDF00DAD2A7 /* KDGoalBar.h */ = {isa = PBXFileReference; fileEncoding = 4; lastKnownFileType = sourcecode.c.h; path = KDGoalBar.h; sourceTree = "<group>"; };
		8F1C0B3016801DDF00DAD2A7 /* KDGoalBar.m */ = {isa = PBXFileReference; fileEncoding = 4; lastKnownFileType = sourcecode.c.objc; path = KDGoalBar.m; sourceTree = "<group>"; };
		8F1C0B3116801DDF00DAD2A7 /* KDGoalBarPercentLayer.h */ = {isa = PBXFileReference; fileEncoding = 4; lastKnownFileType = sourcecode.c.h; path = KDGoalBarPercentLayer.h; sourceTree = "<group>"; };
		8F1C0B3216801DDF00DAD2A7 /* KDGoalBarPercentLayer.m */ = {isa = PBXFileReference; fileEncoding = 4; lastKnownFileType = sourcecode.c.objc; path = KDGoalBarPercentLayer.m; sourceTree = "<group>"; };
		8F1C0B3916801E4C00DAD2A7 /* QuartzCore.framework */ = {isa = PBXFileReference; lastKnownFileType = wrapper.framework; name = QuartzCore.framework; path = System/Library/Frameworks/QuartzCore.framework; sourceTree = SDKROOT; };
/* End PBXFileReference section */

/* Begin PBXFrameworksBuildPhase section */
		8F1C0AF916800A2100DAD2A7 /* Frameworks */ = {
			isa = PBXFrameworksBuildPhase;
			buildActionMask = 2147483647;
			files = (
				8F1C0B3A16801E4C00DAD2A7 /* QuartzCore.framework in Frameworks */,
				8F1C0B0116800A2100DAD2A7 /* UIKit.framework in Frameworks */,
				8F1C0B0316800A2100DAD2A7 /* Foundation.framework in Frameworks */,
				8F1C0B0516800A2100DAD2A7 /* CoreGraphics.framework in Frameworks */,
			);
			runOnlyForDeploymentPostprocessing = 0;
		};
/* End PBXFrameworksBuildPhase section */

/* Begin PBXGroup section */
		8F1C0AF116800A2100DAD2A7 = {
			isa = PBXGroup;
			children = (
				8F1C0B0616800A2100DAD2A7 /* Test_Pro */,
				8F1C0AFF16800A2100DAD2A7 /* Frameworks */,
				8F1C0AFD16800A2100DAD2A7 /* Products */,
			);
			sourceTree = "<group>";
		};
		8F1C0AFD16800A2100DAD2A7 /* Products */ = {
			isa = PBXGroup;
			children = (
				8F1C0AFC16800A2100DAD2A7 /* Test_Pro.app */,
			);
			name = Products;
			sourceTree = "<group>";
		};
		8F1C0AFF16800A2100DAD2A7 /* Frameworks */ = {
			isa = PBXGroup;
			children = (
				8F1C0B3916801E4C00DAD2A7 /* QuartzCore.framework */,
				8F1C0B0016800A2100DAD2A7 /* UIKit.framework */,
				8F1C0B0216800A2100DAD2A7 /* Foundation.framework */,
				8F1C0B0416800A2100DAD2A7 /* CoreGraphics.framework */,
			);
			name = Frameworks;
			sourceTree = "<group>";
		};
		8F1C0B0616800A2100DAD2A7 /* Test_Pro */ = {
			isa = PBXGroup;
			children = (
				8F1C0B2E16801DDF00DAD2A7 /* KDCustom */,
				8F1C0B0F16800A2100DAD2A7 /* AppDelegate.h */,
				8F1C0B1016800A2100DAD2A7 /* AppDelegate.m */,
				8F1C0B1716800A4200DAD2A7 /* RootViewController.h */,
				8F1C0B1816800A4200DAD2A7 /* RootViewController.m */,
				8F1C0B0716800A2100DAD2A7 /* Supporting Files */,
			);
			path = Test_Pro;
			sourceTree = "<group>";
		};
		8F1C0B0716800A2100DAD2A7 /* Supporting Files */ = {
			isa = PBXGroup;
			children = (
				8F1C0B0816800A2100DAD2A7 /* Test_Pro-Info.plist */,
				8F1C0B0916800A2100DAD2A7 /* InfoPlist.strings */,
				8F1C0B0C16800A2100DAD2A7 /* main.m */,
				8F1C0B0E16800A2100DAD2A7 /* Test_Pro-Prefix.pch */,
			);
			name = "Supporting Files";
			sourceTree = "<group>";
		};
		8F1C0B2E16801DDF00DAD2A7 /* KDCustom */ = {
			isa = PBXGroup;
			children = (
				8F1C0B2F16801DDF00DAD2A7 /* KDGoalBar.h */,
				8F1C0B3016801DDF00DAD2A7 /* KDGoalBar.m */,
				8F1C0B3116801DDF00DAD2A7 /* KDGoalBarPercentLayer.h */,
				8F1C0B3216801DDF00DAD2A7 /* KDGoalBarPercentLayer.m */,
			);
			path = KDCustom;
			sourceTree = "<group>";
		};
/* End PBXGroup section */

/* Begin PBXNativeTarget section */
		8F1C0AFB16800A2100DAD2A7 /* Test_Pro */ = {
			isa = PBXNativeTarget;
			buildConfigurationList = 8F1C0B1416800A2100DAD2A7 /* Build configuration list for PBXNativeTarget "Test_Pro" */;
			buildPhases = (
				8F1C0AF816800A2100DAD2A7 /* Sources */,
				8F1C0AF916800A2100DAD2A7 /* Frameworks */,
				8F1C0AFA16800A2100DAD2A7 /* Resources */,
			);
			buildRules = (
			);
			dependencies = (
			);
			name = Test_Pro;
			productName = Test_Pro;
			productReference = 8F1C0AFC16800A2100DAD2A7 /* Test_Pro.app */;
			productType = "com.apple.product-type.application";
		};
/* End PBXNativeTarget section */

/* Begin PBXProject section */
		8F1C0AF316800A2100DAD2A7 /* Project object */ = {
			isa = PBXProject;
			attributes = {
				LastUpgradeCheck = 0430;
			};
			buildConfigurationList = 8F1C0AF616800A2100DAD2A7 /* Build configuration list for PBXProject "Test_Pro" */;
			compatibilityVersion = "Xcode 3.2";
			developmentRegion = English;
			hasScannedForEncodings = 0;
			knownRegions = (
				en,
			);
			mainGroup = 8F1C0AF116800A2100DAD2A7;
			productRefGroup = 8F1C0AFD16800A2100DAD2A7 /* Products */;
			projectDirPath = "";
			projectRoot = "";
			targets = (
				8F1C0AFB16800A2100DAD2A7 /* Test_Pro */,
			);
		};
/* End PBXProject section */

/* Begin PBXResourcesBuildPhase section */
		8F1C0AFA16800A2100DAD2A7 /* Resources */ = {
			isa = PBXResourcesBuildPhase;
			buildActionMask = 2147483647;
			files = (
				8F1C0B0B16800A2100DAD2A7 /* InfoPlist.strings in Resources */,
			);
			runOnlyForDeploymentPostprocessing = 0;
		};
/* End PBXResourcesBuildPhase section */

/* Begin PBXSourcesBuildPhase section */
		8F1C0AF816800A2100DAD2A7 /* Sources */ = {
			isa = PBXSourcesBuildPhase;
			buildActionMask = 2147483647;
			files = (
				8F1C0B0D16800A2100DAD2A7 /* main.m in Sources */,
				8F1C0B1116800A2100DAD2A7 /* AppDelegate.m in Sources */,
				8F1C0B1916800A4200DAD2A7 /* RootViewController.m in Sources */,
				8F1C0B3316801DDF00DAD2A7 /* KDGoalBar.m in Sources */,
				8F1C0B3416801DDF00DAD2A7 /* KDGoalBarPercentLayer.m in Sources */,
			);
			runOnlyForDeploymentPostprocessing = 0;
		};
/* End PBXSourcesBuildPhase section */

/* Begin PBXVariantGroup section */
		8F1C0B0916800A2100DAD2A7 /* InfoPlist.strings */ = {
			isa = PBXVariantGroup;
			children = (
				8F1C0B0A16800A2100DAD2A7 /* en */,
			);
			name = InfoPlist.strings;
			sourceTree = "<group>";
		};
/* End PBXVariantGroup section */

/* Begin XCBuildConfiguration section */
		8F1C0B1216800A2100DAD2A7 /* Debug */ = {
			isa = XCBuildConfiguration;
			buildSettings = {
				ALWAYS_SEARCH_USER_PATHS = NO;
				ARCHS = "$(ARCHS_STANDARD_32_BIT)";
				"CODE_SIGN_IDENTITY[sdk=iphoneos*]" = "iPhone Developer";
				COPY_PHASE_STRIP = NO;
				GCC_C_LANGUAGE_STANDARD = gnu99;
				GCC_DYNAMIC_NO_PIC = NO;
				GCC_OPTIMIZATION_LEVEL = 0;
				GCC_PREPROCESSOR_DEFINITIONS = (
					"DEBUG=1",
					"$(inherited)",
				);
				GCC_SYMBOLS_PRIVATE_EXTERN = NO;
				GCC_VERSION = com.apple.compilers.llvm.clang.1_0;
				GCC_WARN_ABOUT_RETURN_TYPE = YES;
				GCC_WARN_UNINITIALIZED_AUTOS = YES;
				GCC_WARN_UNUSED_VARIABLE = YES;
				IPHONEOS_DEPLOYMENT_TARGET = 5.1;
				SDKROOT = iphoneos;
			};
			name = Debug;
		};
		8F1C0B1316800A2100DAD2A7 /* Release */ = {
			isa = XCBuildConfiguration;
			buildSettings = {
				ALWAYS_SEARCH_USER_PATHS = NO;
				ARCHS = "$(ARCHS_STANDARD_32_BIT)";
				"CODE_SIGN_IDENTITY[sdk=iphoneos*]" = "iPhone Developer";
				COPY_PHASE_STRIP = YES;
				GCC_C_LANGUAGE_STANDARD = gnu99;
				GCC_VERSION = com.apple.compilers.llvm.clang.1_0;
				GCC_WARN_ABOUT_RETURN_TYPE = YES;
				GCC_WARN_UNINITIALIZED_AUTOS = YES;
				GCC_WARN_UNUSED_VARIABLE = YES;
				IPHONEOS_DEPLOYMENT_TARGET = 5.1;
				OTHER_CFLAGS = "-DNS_BLOCK_ASSERTIONS=1";
				SDKROOT = iphoneos;
				VALIDATE_PRODUCT = YES;
			};
			name = Release;
		};
		8F1C0B1516800A2100DAD2A7 /* Debug */ = {
			isa = XCBuildConfiguration;
			buildSettings = {
				GCC_PRECOMPILE_PREFIX_HEADER = YES;
				GCC_PREFIX_HEADER = "Test_Pro/Test_Pro-Prefix.pch";
				INFOPLIST_FILE = "Test_Pro/Test_Pro-Info.plist";
				PRODUCT_NAME = "$(TARGET_NAME)";
				WRAPPER_EXTENSION = app;
			};
			name = Debug;
		};
		8F1C0B1616800A2100DAD2A7 /* Release */ = {
			isa = XCBuildConfiguration;
			buildSettings = {
				GCC_PRECOMPILE_PREFIX_HEADER = YES;
				GCC_PREFIX_HEADER = "Test_Pro/Test_Pro-Prefix.pch";
				INFOPLIST_FILE = "Test_Pro/Test_Pro-Info.plist";
				PRODUCT_NAME = "$(TARGET_NAME)";
				WRAPPER_EXTENSION = app;
			};
			name = Release;
		};
/* End XCBuildConfiguration section */

/* Begin XCConfigurationList section */
		8F1C0AF616800A2100DAD2A7 /* Build configuration list for PBXProject "Test_Pro" */ = {
			isa = XCConfigurationList;
			buildConfigurations = (
				8F1C0B1216800A2100DAD2A7 /* Debug */,
				8F1C0B1316800A2100DAD2A7 /* Release */,
			);
			defaultConfigurationIsVisible = 0;
			defaultConfigurationName = Release;
		};
		8F1C0B1416800A2100DAD2A7 /* Build configuration list for PBXNativeTarget "Test_Pro" */ = {
			isa = XCConfigurationList;
			buildConfigurations = (
				8F1C0B1516800A2100DAD2A7 /* Debug */,
				8F1C0B1616800A2100DAD2A7 /* Release */,
			);
			defaultConfigurationIsVisible = 0;
		};
/* End XCConfigurationList section */
	};
	rootObject = 8F1C0AF316800A2100DAD2A7 /* Project object */;
}
